
Microsoft Visual Studio Solution File, Format Version 12.00
# Visual Studio Version 16
VisualStudioVersion = 16.0.31205.134
MinimumVisualStudioVersion = 10.0.40219.1
Project("{FAE04EC0-301F-11D3-BF4B-00C04F79EFBC}") = "TestProject", "TestProject.csproj", "{012E7AAD-62F5-4DB0-8859-111C980B527A}"
EndProject
Global
	GlobalSection(SolutionConfigurationPlatforms) = preSolution
		Debug|Any CPU = Debug|Any CPU
		Release|Any CPU = Release|Any CPU
	EndGlobalSection
	GlobalSection(ProjectConfigurationPlatforms) = postSolution
		{012E7AAD-62F5-4DB0-8859-111C980B527A}.Debug|Any CPU.ActiveCfg = Debug|Any CPU
		{012E7AAD-62F5-4DB0-8859-111C980B527A}.Debug|Any CPU.Build.0 = Debug|Any CPU
		{012E7AAD-62F5-4DB0-8859-111C980B527A}.Release|Any CPU.ActiveCfg = Release|Any CPU
		{012E7AAD-62F5-4DB0-8859-111C980B527A}.Release|Any CPU.Build.0 = Release|Any CPU
	EndGlobalSection
	GlobalSection(SolutionProperties) = preSolution
		HideSolutionNode = FALSE
	EndGlobalSection
	GlobalSection(ExtensibilityGlobals) = postSolution
		SolutionGuid = {FCBE3B01-3969-47B6-B099-0C96F5F2B977}
	EndGlobalSection
EndGlobal
